// !$*UTF8*$!
{
	archiveVersion = 1;
	classes = {
	};
	objectVersion = 56;
	objects = {

/* Begin PBXBuildFile section */
		2AE43FBC2A6FC602009078E3 /* SwiftIslandAnimatingLogoApp.swift in Sources */ = {isa = PBXBuildFile; fileRef = 2AE43FBB2A6FC602009078E3 /* SwiftIslandAnimatingLogoApp.swift */; };
		2AE43FBE2A6FC602009078E3 /* ContentView.swift in Sources */ = {isa = PBXBuildFile; fileRef = 2AE43FBD2A6FC602009078E3 /* ContentView.swift */; };
		2AE43FC02A6FC603009078E3 /* Assets.xcassets in Resources */ = {isa = PBXBuildFile; fileRef = 2AE43FBF2A6FC603009078E3 /* Assets.xcassets */; };
		2AE43FC32A6FC603009078E3 /* Preview Assets.xcassets in Resources */ = {isa = PBXBuildFile; fileRef = 2AE43FC22A6FC603009078E3 /* Preview Assets.xcassets */; };
		2AE43FE72A6FC63E009078E3 /* SwiftIslandLogo.swift in Sources */ = {isa = PBXBuildFile; fileRef = 2AE43FE62A6FC63E009078E3 /* SwiftIslandLogo.swift */; };
		2AE43FEA2A6FC661009078E3 /* Color+Helper.swift in Sources */ = {isa = PBXBuildFile; fileRef = 2AE43FE92A6FC661009078E3 /* Color+Helper.swift */; };
		2AE43FEC2A6FC6DE009078E3 /* View+PercentageOffset.swift in Sources */ = {isa = PBXBuildFile; fileRef = 2AE43FEB2A6FC6DE009078E3 /* View+PercentageOffset.swift */; };
		2AE43FF32A6FC7F2009078E3 /* Triangle.swift in Sources */ = {isa = PBXBuildFile; fileRef = 2AE43FF22A6FC7F2009078E3 /* Triangle.swift */; };
/* End PBXBuildFile section */

/* Begin PBXFileReference section */
		2AE43FB82A6FC602009078E3 /* SwiftIslandAnimatingLogo.app */ = {isa = PBXFileReference; explicitFileType = wrapper.application; includeInIndex = 0; path = SwiftIslandAnimatingLogo.app; sourceTree = BUILT_PRODUCTS_DIR; };
		2AE43FBB2A6FC602009078E3 /* SwiftIslandAnimatingLogoApp.swift */ = {isa = PBXFileReference; lastKnownFileType = sourcecode.swift; path = SwiftIslandAnimatingLogoApp.swift; sourceTree = "<group>"; };
		2AE43FBD2A6FC602009078E3 /* ContentView.swift */ = {isa = PBXFileReference; lastKnownFileType = sourcecode.swift; path = ContentView.swift; sourceTree = "<group>"; };
		2AE43FBF2A6FC603009078E3 /* Assets.xcassets */ = {isa = PBXFileReference; lastKnownFileType = folder.assetcatalog; path = Assets.xcassets; sourceTree = "<group>"; };
		2AE43FC22A6FC603009078E3 /* Preview Assets.xcassets */ = {isa = PBXFileReference; lastKnownFileType = folder.assetcatalog; path = "Preview Assets.xcassets"; sourceTree = "<group>"; };
		2AE43FE62A6FC63E009078E3 /* SwiftIslandLogo.swift */ = {isa = PBXFileReference; lastKnownFileType = sourcecode.swift; path = SwiftIslandLogo.swift; sourceTree = "<group>"; };
		2AE43FE92A6FC661009078E3 /* Color+Helper.swift */ = {isa = PBXFileReference; lastKnownFileType = sourcecode.swift; path = "Color+Helper.swift"; sourceTree = "<group>"; };
		2AE43FEB2A6FC6DE009078E3 /* View+PercentageOffset.swift */ = {isa = PBXFileReference; lastKnownFileType = sourcecode.swift; path = "View+PercentageOffset.swift"; sourceTree = "<group>"; };
		2AE43FF22A6FC7F2009078E3 /* Triangle.swift */ = {isa = PBXFileReference; lastKnownFileType = sourcecode.swift; path = Triangle.swift; sourceTree = "<group>"; };
/* End PBXFileReference section */

/* Begin PBXFrameworksBuildPhase section */
		2AE43FB52A6FC602009078E3 /* Frameworks */ = {
			isa = PBXFrameworksBuildPhase;
			buildActionMask = 2147483647;
			files = (
			);
			runOnlyForDeploymentPostprocessing = 0;
		};
/* End PBXFrameworksBuildPhase section */

/* Begin PBXGroup section */
		2AE43FAF2A6FC602009078E3 = {
			isa = PBXGroup;
			children = (
				2AE43FBA2A6FC602009078E3 /* SwiftIslandAnimatingLogo */,
				2AE43FB92A6FC602009078E3 /* Products */,
			);
			sourceTree = "<group>";
		};
		2AE43FB92A6FC602009078E3 /* Products */ = {
			isa = PBXGroup;
			children = (
				2AE43FB82A6FC602009078E3 /* SwiftIslandAnimatingLogo.app */,
			);
			name = Products;
			sourceTree = "<group>";
		};
		2AE43FBA2A6FC602009078E3 /* SwiftIslandAnimatingLogo */ = {
			isa = PBXGroup;
			children = (
				2AE43FF12A6FC7E0009078E3 /* Shapes */,
				2AE43FE82A6FC649009078E3 /* Helpers */,
				2AE43FE52A6FC635009078E3 /* Logos */,
				2AE43FBB2A6FC602009078E3 /* SwiftIslandAnimatingLogoApp.swift */,
				2AE43FBD2A6FC602009078E3 /* ContentView.swift */,
				2AE43FBF2A6FC603009078E3 /* Assets.xcassets */,
				2AE43FC12A6FC603009078E3 /* Preview Content */,
			);
			path = SwiftIslandAnimatingLogo;
			sourceTree = "<group>";
		};
		2AE43FC12A6FC603009078E3 /* Preview Content */ = {
			isa = PBXGroup;
			children = (
				2AE43FC22A6FC603009078E3 /* Preview Assets.xcassets */,
			);
			path = "Preview Content";
			sourceTree = "<group>";
		};
		2AE43FE52A6FC635009078E3 /* Logos */ = {
			isa = PBXGroup;
			children = (
				2AE43FE62A6FC63E009078E3 /* SwiftIslandLogo.swift */,
			);
			path = Logos;
			sourceTree = "<group>";
		};
		2AE43FE82A6FC649009078E3 /* Helpers */ = {
			isa = PBXGroup;
			children = (
				2AE43FE92A6FC661009078E3 /* Color+Helper.swift */,
				2AE43FEB2A6FC6DE009078E3 /* View+PercentageOffset.swift */,
			);
			path = Helpers;
			sourceTree = "<group>";
		};
		2AE43FF12A6FC7E0009078E3 /* Shapes */ = {
			isa = PBXGroup;
			children = (
				2AE43FF22A6FC7F2009078E3 /* Triangle.swift */,
			);
			path = Shapes;
			sourceTree = "<group>";
		};
/* End PBXGroup section */

/* Begin PBXNativeTarget section */
		2AE43FB72A6FC602009078E3 /* SwiftIslandAnimatingLogo */ = {
			isa = PBXNativeTarget;
			buildConfigurationList = 2AE43FDC2A6FC604009078E3 /* Build configuration list for PBXNativeTarget "SwiftIslandAnimatingLogo" */;
			buildPhases = (
				2AE43FB42A6FC602009078E3 /* Sources */,
				2AE43FB52A6FC602009078E3 /* Frameworks */,
				2AE43FB62A6FC602009078E3 /* Resources */,
			);
			buildRules = (
			);
			dependencies = (
			);
			name = SwiftIslandAnimatingLogo;
			productName = SwiftIslandAnimatingLogo;
			productReference = 2AE43FB82A6FC602009078E3 /* SwiftIslandAnimatingLogo.app */;
			productType = "com.apple.product-type.application";
		};
/* End PBXNativeTarget section */

/* Begin PBXProject section */
		2AE43FB02A6FC602009078E3 /* Project object */ = {
			isa = PBXProject;
			attributes = {
				BuildIndependentTargetsInParallel = 1;
				LastSwiftUpdateCheck = 1430;
				LastUpgradeCheck = 1430;
				ORGANIZATIONNAME = "AppTrix AB";
				TargetAttributes = {
					2AE43FB72A6FC602009078E3 = {
						CreatedOnToolsVersion = 14.3;
					};
				};
			};
			buildConfigurationList = 2AE43FB32A6FC602009078E3 /* Build configuration list for PBXProject "SwiftIslandAnimatingLogo" */;
			compatibilityVersion = "Xcode 14.0";
			developmentRegion = en;
			hasScannedForEncodings = 0;
			knownRegions = (
				en,
				Base,
			);
			mainGroup = 2AE43FAF2A6FC602009078E3;
			productRefGroup = 2AE43FB92A6FC602009078E3 /* Products */;
			projectDirPath = "";
			projectRoot = "";
			targets = (
				2AE43FB72A6FC602009078E3 /* SwiftIslandAnimatingLogo */,
			);
		};
/* End PBXProject section */

/* Begin PBXResourcesBuildPhase section */
		2AE43FB62A6FC602009078E3 /* Resources */ = {
			isa = PBXResourcesBuildPhase;
			buildActionMask = 2147483647;
			files = (
				2AE43FC32A6FC603009078E3 /* Preview Assets.xcassets in Resources */,
				2AE43FC02A6FC603009078E3 /* Assets.xcassets in Resources */,
			);
			runOnlyForDeploymentPostprocessing = 0;
		};
/* End PBXResourcesBuildPhase section */

/* Begin PBXSourcesBuildPhase section */
		2AE43FB42A6FC602009078E3 /* Sources */ = {
			isa = PBXSourcesBuildPhase;
			buildActionMask = 2147483647;
			files = (
				2AE43FE72A6FC63E009078E3 /* SwiftIslandLogo.swift in Sources */,
				2AE43FBE2A6FC602009078E3 /* ContentView.swift in Sources */,
				2AE43FBC2A6FC602009078E3 /* SwiftIslandAnimatingLogoApp.swift in Sources */,
				2AE43FF32A6FC7F2009078E3 /* Triangle.swift in Sources */,
				2AE43FEA2A6FC661009078E3 /* Color+Helper.swift in Sources */,
				2AE43FEC2A6FC6DE009078E3 /* View+PercentageOffset.swift in Sources */,
			);
			runOnlyForDeploymentPostprocessing = 0;
		};
/* End PBXSourcesBuildPhase section */

/* Begin XCBuildConfiguration section */
		2AE43FDA2A6FC604009078E3 /* Debug */ = {
			isa = XCBuildConfiguration;
			buildSettings = {
				ALWAYS_SEARCH_USER_PATHS = NO;
				CLANG_ANALYZER_NONNULL = YES;
				CLANG_ANALYZER_NUMBER_OBJECT_CONVERSION = YES_AGGRESSIVE;
				CLANG_CXX_LANGUAGE_STANDARD = "gnu++20";
				CLANG_ENABLE_MODULES = YES;
				CLANG_ENABLE_OBJC_ARC = YES;
				CLANG_ENABLE_OBJC_WEAK = YES;
				CLANG_WARN_BLOCK_CAPTURE_AUTORELEASING = YES;
				CLANG_WARN_BOOL_CONVERSION = YES;
				CLANG_WARN_COMMA = YES;
				CLANG_WARN_CONSTANT_CONVERSION = YES;
				CLANG_WARN_DEPRECATED_OBJC_IMPLEMENTATIONS = YES;
				CLANG_WARN_DIRECT_OBJC_ISA_USAGE = YES_ERROR;
				CLANG_WARN_DOCUMENTATION_COMMENTS = YES;
				CLANG_WARN_EMPTY_BODY = YES;
				CLANG_WARN_ENUM_CONVERSION = YES;
				CLANG_WARN_INFINITE_RECURSION = YES;
				CLANG_WARN_INT_CONVERSION = YES;
				CLANG_WARN_NON_LITERAL_NULL_CONVERSION = YES;
				CLANG_WARN_OBJC_IMPLICIT_RETAIN_SELF = YES;
				CLANG_WARN_OBJC_LITERAL_CONVERSION = YES;
				CLANG_WARN_OBJC_ROOT_CLASS = YES_ERROR;
				CLANG_WARN_QUOTED_INCLUDE_IN_FRAMEWORK_HEADER = YES;
				CLANG_WARN_RANGE_LOOP_ANALYSIS = YES;
				CLANG_WARN_STRICT_PROTOTYPES = YES;
				CLANG_WARN_SUSPICIOUS_MOVE = YES;
				CLANG_WARN_UNGUARDED_AVAILABILITY = YES_AGGRESSIVE;
				CLANG_WARN_UNREACHABLE_CODE = YES;
				CLANG_WARN__DUPLICATE_METHOD_MATCH = YES;
				COPY_PHASE_STRIP = NO;
				DEBUG_INFORMATION_FORMAT = dwarf;
				ENABLE_STRICT_OBJC_MSGSEND = YES;
				ENABLE_TESTABILITY = YES;
				GCC_C_LANGUAGE_STANDARD = gnu11;
				GCC_DYNAMIC_NO_PIC = NO;
				GCC_NO_COMMON_BLOCKS = YES;
				GCC_OPTIMIZATION_LEVEL = 0;
				GCC_PREPROCESSOR_DEFINITIONS = (
					"DEBUG=1",
					"$(inherited)",
				);
				GCC_WARN_64_TO_32_BIT_CONVERSION = YES;
				GCC_WARN_ABOUT_RETURN_TYPE = YES_ERROR;
				GCC_WARN_UNDECLARED_SELECTOR = YES;
				GCC_WARN_UNINITIALIZED_AUTOS = YES_AGGRESSIVE;
				GCC_WARN_UNUSED_FUNCTION = YES;
				GCC_WARN_UNUSED_VARIABLE = YES;
				IPHONEOS_DEPLOYMENT_TARGET = 16.4;
				MTL_ENABLE_DEBUG_INFO = INCLUDE_SOURCE;
				MTL_FAST_MATH = YES;
				ONLY_ACTIVE_ARCH = YES;
				SDKROOT = iphoneos;
				SWIFT_ACTIVE_COMPILATION_CONDITIONS = DEBUG;
				SWIFT_OPTIMIZATION_LEVEL = "-Onone";
			};
			name = Debug;
		};
		2AE43FDB2A6FC604009078E3 /* Release */ = {
			isa = XCBuildConfiguration;
			buildSettings = {
				ALWAYS_SEARCH_USER_PATHS = NO;
				CLANG_ANALYZER_NONNULL = YES;
				CLANG_ANALYZER_NUMBER_OBJECT_CONVERSION = YES_AGGRESSIVE;
				CLANG_CXX_LANGUAGE_STANDARD = "gnu++20";
				CLANG_ENABLE_MODULES = YES;
				CLANG_ENABLE_OBJC_ARC = YES;
				CLANG_ENABLE_OBJC_WEAK = YES;
				CLANG_WARN_BLOCK_CAPTURE_AUTORELEASING = YES;
				CLANG_WARN_BOOL_CONVERSION = YES;
				CLANG_WARN_COMMA = YES;
				CLANG_WARN_CONSTANT_CONVERSION = YES;
				CLANG_WARN_DEPRECATED_OBJC_IMPLEMENTATIONS = YES;
				CLANG_WARN_DIRECT_OBJC_ISA_USAGE = YES_ERROR;
				CLANG_WARN_DOCUMENTATION_COMMENTS = YES;
				CLANG_WARN_EMPTY_BODY = YES;
				CLANG_WARN_ENUM_CONVERSION = YES;
				CLANG_WARN_INFINITE_RECURSION = YES;
				CLANG_WARN_INT_CONVERSION = YES;
				CLANG_WARN_NON_LITERAL_NULL_CONVERSION = YES;
				CLANG_WARN_OBJC_IMPLICIT_RETAIN_SELF = YES;
				CLANG_WARN_OBJC_LITERAL_CONVERSION = YES;
				CLANG_WARN_OBJC_ROOT_CLASS = YES_ERROR;
				CLANG_WARN_QUOTED_INCLUDE_IN_FRAMEWORK_HEADER = YES;
				CLANG_WARN_RANGE_LOOP_ANALYSIS = YES;
				CLANG_WARN_STRICT_PROTOTYPES = YES;
				CLANG_WARN_SUSPICIOUS_MOVE = YES;
				CLANG_WARN_UNGUARDED_AVAILABILITY = YES_AGGRESSIVE;
				CLANG_WARN_UNREACHABLE_CODE = YES;
				CLANG_WARN__DUPLICATE_METHOD_MATCH = YES;
				COPY_PHASE_STRIP = NO;
				DEBUG_INFORMATION_FORMAT = "dwarf-with-dsym";
				ENABLE_NS_ASSERTIONS = NO;
				ENABLE_STRICT_OBJC_MSGSEND = YES;
				GCC_C_LANGUAGE_STANDARD = gnu11;
				GCC_NO_COMMON_BLOCKS = YES;
				GCC_WARN_64_TO_32_BIT_CONVERSION = YES;
				GCC_WARN_ABOUT_RETURN_TYPE = YES_ERROR;
				GCC_WARN_UNDECLARED_SELECTOR = YES;
				GCC_WARN_UNINITIALIZED_AUTOS = YES_AGGRESSIVE;
				GCC_WARN_UNUSED_FUNCTION = YES;
				GCC_WARN_UNUSED_VARIABLE = YES;
				IPHONEOS_DEPLOYMENT_TARGET = 16.4;
				MTL_ENABLE_DEBUG_INFO = NO;
				MTL_FAST_MATH = YES;
				SDKROOT = iphoneos;
				SWIFT_COMPILATION_MODE = wholemodule;
				SWIFT_OPTIMIZATION_LEVEL = "-O";
				VALIDATE_PRODUCT = YES;
			};
			name = Release;
		};
		2AE43FDD2A6FC604009078E3 /* Debug */ = {
			isa = XCBuildConfiguration;
			buildSettings = {
				ASSETCATALOG_COMPILER_APPICON_NAME = AppIcon;
				ASSETCATALOG_COMPILER_GLOBAL_ACCENT_COLOR_NAME = AccentColor;
				CODE_SIGN_STYLE = Automatic;
				CURRENT_PROJECT_VERSION = 1;
				DEVELOPMENT_ASSET_PATHS = "\"SwiftIslandAnimatingLogo/Preview Content\"";
				DEVELOPMENT_TEAM = 6B3SHVL3L5;
				ENABLE_PREVIEWS = YES;
				GENERATE_INFOPLIST_FILE = YES;
				INFOPLIST_KEY_UIApplicationSceneManifest_Generation = YES;
				INFOPLIST_KEY_UIApplicationSupportsIndirectInputEvents = YES;
				INFOPLIST_KEY_UILaunchScreen_Generation = YES;
				INFOPLIST_KEY_UISupportedInterfaceOrientations_iPad = "UIInterfaceOrientationPortrait UIInterfaceOrientationPortraitUpsideDown UIInterfaceOrientationLandscapeLeft UIInterfaceOrientationLandscapeRight";
				INFOPLIST_KEY_UISupportedInterfaceOrientations_iPhone = "UIInterfaceOrientationPortrait UIInterfaceOrientationLandscapeLeft UIInterfaceOrientationLandscapeRight";
				LD_RUNPATH_SEARCH_PATHS = (
					"$(inherited)",
					"@executable_path/Frameworks",
				);
				MARKETING_VERSION = 1.0;
				PRODUCT_BUNDLE_IDENTIFIER = se.apptrix.SwiftIslandAnimatingLogo;
				PRODUCT_NAME = "$(TARGET_NAME)";
				SWIFT_EMIT_LOC_STRINGS = YES;
				SWIFT_VERSION = 5.0;
				TARGETED_DEVICE_FAMILY = "1,2";
			};
			name = Debug;
		};
		2AE43FDE2A6FC604009078E3 /* Release */ = {
			isa = XCBuildConfiguration;
			buildSettings = {
				ASSETCATALOG_COMPILER_APPICON_NAME = AppIcon;
				ASSETCATALOG_COMPILER_GLOBAL_ACCENT_COLOR_NAME = AccentColor;
				CODE_SIGN_STYLE = Automatic;
				CURRENT_PROJECT_VERSION = 1;
				DEVELOPMENT_ASSET_PATHS = "\"SwiftIslandAnimatingLogo/Preview Content\"";
				DEVELOPMENT_TEAM = 6B3SHVL3L5;
				ENABLE_PREVIEWS = YES;
				GENERATE_INFOPLIST_FILE = YES;
				INFOPLIST_KEY_UIApplicationSceneManifest_Generation = YES;
				INFOPLIST_KEY_UIApplicationSupportsIndirectInputEvents = YES;
				INFOPLIST_KEY_UILaunchScreen_Generation = YES;
				INFOPLIST_KEY_UISupportedInterfaceOrientations_iPad = "UIInterfaceOrientationPortrait UIInterfaceOrientationPortraitUpsideDown UIInterfaceOrientationLandscapeLeft UIInterfaceOrientationLandscapeRight";
				INFOPLIST_KEY_UISupportedInterfaceOrientations_iPhone = "UIInterfaceOrientationPortrait UIInterfaceOrientationLandscapeLeft UIInterfaceOrientationLandscapeRight";
				LD_RUNPATH_SEARCH_PATHS = (
					"$(inherited)",
					"@executable_path/Frameworks",
				);
				MARKETING_VERSION = 1.0;
				PRODUCT_BUNDLE_IDENTIFIER = se.apptrix.SwiftIslandAnimatingLogo;
				PRODUCT_NAME = "$(TARGET_NAME)";
				SWIFT_EMIT_LOC_STRINGS = YES;
				SWIFT_VERSION = 5.0;
				TARGETED_DEVICE_FAMILY = "1,2";
			};
			name = Release;
		};
/* End XCBuildConfiguration section */

/* Begin XCConfigurationList section */
		2AE43FB32A6FC602009078E3 /* Build configuration list for PBXProject "SwiftIslandAnimatingLogo" */ = {
			isa = XCConfigurationList;
			buildConfigurations = (
				2AE43FDA2A6FC604009078E3 /* Debug */,
				2AE43FDB2A6FC604009078E3 /* Release */,
			);
			defaultConfigurationIsVisible = 0;
			defaultConfigurationName = Release;
		};
		2AE43FDC2A6FC604009078E3 /* Build configuration list for PBXNativeTarget "SwiftIslandAnimatingLogo" */ = {
			isa = XCConfigurationList;
			buildConfigurations = (
				2AE43FDD2A6FC604009078E3 /* Debug */,
				2AE43FDE2A6FC604009078E3 /* Release */,
			);
			defaultConfigurationIsVisible = 0;
			defaultConfigurationName = Release;
		};
/* End XCConfigurationList section */
	};
	rootObject = 2AE43FB02A6FC602009078E3 /* Project object */;
}
